{
    "_meta": {
        "hash": {
            "sha256": "d0ade874f411d3d39b4747af7e588324de792d0916be2882d22460cc5922a653"
        },
        "pipfile-spec": 6,
        "requires": {
            "python_version": "3.9"
        },
        "sources": [
            {
                "name": "pypi",
                "url": "https://pypi.org/simple",
                "verify_ssl": true
            }
        ]
    },
    "default": {
        "pyenv": {
            "hashes": [
                "sha256:4c29f881b26772ada6bc5a945f1f71f7cc33c0420bb7eb1e144d8b1f2134fedb"
            ],
            "index": "pypi",
            "version": "==0.0.1"
        }
    },
    "develop": {}
}
